
Microsoft Visual Studio Solution File, Format Version 12.00
# Visual Studio Version 17
VisualStudioVersion = 17.5.33424.131
MinimumVisualStudioVersion = 10.0.40219.1
Project("{FAE04EC0-301F-11D3-BF4B-00C04F79EFBC}") = "PaintBucket", "PaintBucket\PaintBucket.csproj", "{A0F86D94-C294-4868-BF31-5C98B96B69E8}"
EndProject
Global
	GlobalSection(SolutionConfigurationPlatforms) = preSolution
		Debug|Any CPU = Debug|Any CPU
		Release|Any CPU = Release|Any CPU
	EndGlobalSection
	GlobalSection(ProjectConfigurationPlatforms) = postSolution
		{A0F86D94-C294-4868-BF31-5C98B96B69E8}.Debug|Any CPU.ActiveCfg = Debug|Any CPU
		{A0F86D94-C294-4868-BF31-5C98B96B69E8}.Debug|Any CPU.Build.0 = Debug|Any CPU
		{A0F86D94-C294-4868-BF31-5C98B96B69E8}.Release|Any CPU.ActiveCfg = Release|Any CPU
		{A0F86D94-C294-4868-BF31-5C98B96B69E8}.Release|Any CPU.Build.0 = Release|Any CPU
	EndGlobalSection
	GlobalSection(SolutionProperties) = preSolution
		HideSolutionNode = FALSE
	EndGlobalSection
	GlobalSection(ExtensibilityGlobals) = postSolution
		SolutionGuid = {C895C56E-A573-4888-BB86-6B3BD4A85677}
	EndGlobalSection
EndGlobal
